
Microsoft Visual Studio Solution File, Format Version 12.00
# Visual Studio Version 17
VisualStudioVersion = 17.1.32421.90
MinimumVisualStudioVersion = 10.0.40219.1
Project("{FAE04EC0-301F-11D3-BF4B-00C04F79EFBC}") = "eTickets", "eTickets\eTickets.csproj", "{08580042-DBED-4970-AC13-167B095BDC96}"
EndProject
Global
	GlobalSection(SolutionConfigurationPlatforms) = preSolution
		Debug|Any CPU = Debug|Any CPU
		Release|Any CPU = Release|Any CPU
	EndGlobalSection
	GlobalSection(ProjectConfigurationPlatforms) = postSolution
		{08580042-DBED-4970-AC13-167B095BDC96}.Debug|Any CPU.ActiveCfg = Debug|Any CPU
		{08580042-DBED-4970-AC13-167B095BDC96}.Debug|Any CPU.Build.0 = Debug|Any CPU
		{08580042-DBED-4970-AC13-167B095BDC96}.Release|Any CPU.ActiveCfg = Release|Any CPU
		{08580042-DBED-4970-AC13-167B095BDC96}.Release|Any CPU.Build.0 = Release|Any CPU
	EndGlobalSection
	GlobalSection(SolutionProperties) = preSolution
		HideSolutionNode = FALSE
	EndGlobalSection
	GlobalSection(ExtensibilityGlobals) = postSolution
		SolutionGuid = {97041380-0BE2-4C8F-9EF4-689B65118FA1}
	EndGlobalSection
EndGlobal
